
Microsoft Visual Studio Solution File, Format Version 12.00
# Visual Studio Version 17
VisualStudioVersion = 17.3.32811.315
MinimumVisualStudioVersion = 10.0.40219.1
Project("{FAE04EC0-301F-11D3-BF4B-00C04F79EFBC}") = "myweb", "myweb.csproj", "{6BCA4234-8D68-4E5F-AF1C-0FEDE5362E87}"
EndProject
Global
	GlobalSection(SolutionConfigurationPlatforms) = preSolution
		Debug|Any CPU = Debug|Any CPU
		Release|Any CPU = Release|Any CPU
	EndGlobalSection
	GlobalSection(ProjectConfigurationPlatforms) = postSolution
		{6BCA4234-8D68-4E5F-AF1C-0FEDE5362E87}.Debug|Any CPU.ActiveCfg = Debug|Any CPU
		{6BCA4234-8D68-4E5F-AF1C-0FEDE5362E87}.Debug|Any CPU.Build.0 = Debug|Any CPU
		{6BCA4234-8D68-4E5F-AF1C-0FEDE5362E87}.Release|Any CPU.ActiveCfg = Release|Any CPU
		{6BCA4234-8D68-4E5F-AF1C-0FEDE5362E87}.Release|Any CPU.Build.0 = Release|Any CPU
	EndGlobalSection
	GlobalSection(SolutionProperties) = preSolution
		HideSolutionNode = FALSE
	EndGlobalSection
	GlobalSection(ExtensibilityGlobals) = postSolution
		SolutionGuid = {A1BDDDF5-5AD5-469B-8396-5075712B47AD}
	EndGlobalSection
EndGlobal
